
Microsoft Visual Studio Solution File, Format Version 12.00
# Visual Studio Version 16
VisualStudioVersion = 16.0.31424.327
MinimumVisualStudioVersion = 10.0.40219.1
Project("{9A19103F-16F7-4668-BE54-9A1E7A4F7556}") = "EnumComposicao", "First\EnumComposicao.csproj", "{61D6DCAA-F357-4FF4-9D34-21EB80679CAA}"
EndProject
Global
	GlobalSection(SolutionConfigurationPlatforms) = preSolution
		Debug|Any CPU = Debug|Any CPU
		Release|Any CPU = Release|Any CPU
	EndGlobalSection
	GlobalSection(ProjectConfigurationPlatforms) = postSolution
		{61D6DCAA-F357-4FF4-9D34-21EB80679CAA}.Debug|Any CPU.ActiveCfg = Debug|Any CPU
		{61D6DCAA-F357-4FF4-9D34-21EB80679CAA}.Debug|Any CPU.Build.0 = Debug|Any CPU
		{61D6DCAA-F357-4FF4-9D34-21EB80679CAA}.Release|Any CPU.ActiveCfg = Release|Any CPU
		{61D6DCAA-F357-4FF4-9D34-21EB80679CAA}.Release|Any CPU.Build.0 = Release|Any CPU
	EndGlobalSection
	GlobalSection(SolutionProperties) = preSolution
		HideSolutionNode = FALSE
	EndGlobalSection
	GlobalSection(ExtensibilityGlobals) = postSolution
		SolutionGuid = {B8A139B9-D561-4E22-BDFB-02BEB2BD5E26}
	EndGlobalSection
EndGlobal
